
Microsoft Visual Studio Solution File, Format Version 12.00
# Visual Studio 15
VisualStudioVersion = 15.0.26124.0
MinimumVisualStudioVersion = 15.0.26124.0
Project("{FAE04EC0-301F-11D3-BF4B-00C04F79EFBC}") = "libhoney-core", "libhoney-core\libhoney-core.csproj", "{DE9EF507-D521-4036-AF89-D3349D035BD0}"
EndProject
Project("{FAE04EC0-301F-11D3-BF4B-00C04F79EFBC}") = "test-libhoney-core", "test-libhoney-core\test-libhoney-core.csproj", "{F67E7187-C1E9-4884-962A-4875A51E09CB}"
EndProject
Global
	GlobalSection(SolutionConfigurationPlatforms) = preSolution
		Debug|Any CPU = Debug|Any CPU
		Debug|x64 = Debug|x64
		Debug|x86 = Debug|x86
		Release|Any CPU = Release|Any CPU
		Release|x64 = Release|x64
		Release|x86 = Release|x86
	EndGlobalSection
	GlobalSection(SolutionProperties) = preSolution
		HideSolutionNode = FALSE
	EndGlobalSection
	GlobalSection(ProjectConfigurationPlatforms) = postSolution
		{DE9EF507-D521-4036-AF89-D3349D035BD0}.Debug|Any CPU.ActiveCfg = Debug|Any CPU
		{DE9EF507-D521-4036-AF89-D3349D035BD0}.Debug|Any CPU.Build.0 = Debug|Any CPU
		{DE9EF507-D521-4036-AF89-D3349D035BD0}.Debug|x64.ActiveCfg = Debug|x64
		{DE9EF507-D521-4036-AF89-D3349D035BD0}.Debug|x64.Build.0 = Debug|x64
		{DE9EF507-D521-4036-AF89-D3349D035BD0}.Debug|x86.ActiveCfg = Debug|x86
		{DE9EF507-D521-4036-AF89-D3349D035BD0}.Debug|x86.Build.0 = Debug|x86
		{DE9EF507-D521-4036-AF89-D3349D035BD0}.Release|Any CPU.ActiveCfg = Release|Any CPU
		{DE9EF507-D521-4036-AF89-D3349D035BD0}.Release|Any CPU.Build.0 = Release|Any CPU
		{DE9EF507-D521-4036-AF89-D3349D035BD0}.Release|x64.ActiveCfg = Release|x64
		{DE9EF507-D521-4036-AF89-D3349D035BD0}.Release|x64.Build.0 = Release|x64
		{DE9EF507-D521-4036-AF89-D3349D035BD0}.Release|x86.ActiveCfg = Release|x86
		{DE9EF507-D521-4036-AF89-D3349D035BD0}.Release|x86.Build.0 = Release|x86
		{F67E7187-C1E9-4884-962A-4875A51E09CB}.Debug|Any CPU.ActiveCfg = Debug|Any CPU
		{F67E7187-C1E9-4884-962A-4875A51E09CB}.Debug|Any CPU.Build.0 = Debug|Any CPU
		{F67E7187-C1E9-4884-962A-4875A51E09CB}.Debug|x64.ActiveCfg = Debug|x64
		{F67E7187-C1E9-4884-962A-4875A51E09CB}.Debug|x64.Build.0 = Debug|x64
		{F67E7187-C1E9-4884-962A-4875A51E09CB}.Debug|x86.ActiveCfg = Debug|x86
		{F67E7187-C1E9-4884-962A-4875A51E09CB}.Debug|x86.Build.0 = Debug|x86
		{F67E7187-C1E9-4884-962A-4875A51E09CB}.Release|Any CPU.ActiveCfg = Release|Any CPU
		{F67E7187-C1E9-4884-962A-4875A51E09CB}.Release|Any CPU.Build.0 = Release|Any CPU
		{F67E7187-C1E9-4884-962A-4875A51E09CB}.Release|x64.ActiveCfg = Release|x64
		{F67E7187-C1E9-4884-962A-4875A51E09CB}.Release|x64.Build.0 = Release|x64
		{F67E7187-C1E9-4884-962A-4875A51E09CB}.Release|x86.ActiveCfg = Release|x86
		{F67E7187-C1E9-4884-962A-4875A51E09CB}.Release|x86.Build.0 = Release|x86
	EndGlobalSection
EndGlobal
